// !$*UTF8*$!
{
	archiveVersion = 1;
	classes = {
	};
	objectVersion = 55;
	objects = {

/* Begin PBXBuildFile section */
		131BA681290CB58F00FFFEB7 /* MovieWS.swift in Sources */ = {isa = PBXBuildFile; fileRef = 131BA680290CB58F00FFFEB7 /* MovieWS.swift */; };
		131BA686290CB72F00FFFEB7 /* Alamofire in Frameworks */ = {isa = PBXBuildFile; productRef = 131BA685290CB72F00FFFEB7 /* Alamofire */; };
		131BA688290CB86A00FFFEB7 /* MoviesBE.swift in Sources */ = {isa = PBXBuildFile; fileRef = 131BA687290CB86A00FFFEB7 /* MoviesBE.swift */; };
		131BA68A290CBD6300FFFEB7 /* MovieBL.swift in Sources */ = {isa = PBXBuildFile; fileRef = 131BA689290CBD6300FFFEB7 /* MovieBL.swift */; };
		131BA68D290CC47100FFFEB7 /* AlamofireImage in Frameworks */ = {isa = PBXBuildFile; productRef = 131BA68C290CC47100FFFEB7 /* AlamofireImage */; };
		13AEEAD7290222BF00098AB2 /* AppDelegate.swift in Sources */ = {isa = PBXBuildFile; fileRef = 13AEEAD6290222BF00098AB2 /* AppDelegate.swift */; };
		13AEEAD9290222BF00098AB2 /* SceneDelegate.swift in Sources */ = {isa = PBXBuildFile; fileRef = 13AEEAD8290222BF00098AB2 /* SceneDelegate.swift */; };
		13AEEADB290222BF00098AB2 /* ViewController.swift in Sources */ = {isa = PBXBuildFile; fileRef = 13AEEADA290222BF00098AB2 /* ViewController.swift */; };
		13AEEADE290222BF00098AB2 /* Main.storyboard in Resources */ = {isa = PBXBuildFile; fileRef = 13AEEADC290222BF00098AB2 /* Main.storyboard */; };
		13AEEAE1290222BF00098AB2 /* ExamenParcial.xcdatamodeld in Sources */ = {isa = PBXBuildFile; fileRef = 13AEEADF290222BF00098AB2 /* ExamenParcial.xcdatamodeld */; };
		13AEEAE3290222C000098AB2 /* Assets.xcassets in Resources */ = {isa = PBXBuildFile; fileRef = 13AEEAE2290222C000098AB2 /* Assets.xcassets */; };
		13AEEAE6290222C000098AB2 /* LaunchScreen.storyboard in Resources */ = {isa = PBXBuildFile; fileRef = 13AEEAE4290222C000098AB2 /* LaunchScreen.storyboard */; };
		13AEEAF1290222C000098AB2 /* ExamenParcialTests.swift in Sources */ = {isa = PBXBuildFile; fileRef = 13AEEAF0290222C000098AB2 /* ExamenParcialTests.swift */; };
		13AEEAFB290222C000098AB2 /* ExamenParcialUITests.swift in Sources */ = {isa = PBXBuildFile; fileRef = 13AEEAFA290222C000098AB2 /* ExamenParcialUITests.swift */; };
		13AEEAFD290222C000098AB2 /* ExamenParcialUITestsLaunchTests.swift in Sources */ = {isa = PBXBuildFile; fileRef = 13AEEAFC290222C000098AB2 /* ExamenParcialUITestsLaunchTests.swift */; };
		13AEEB0A29023A0600098AB2 /* TablaUsuarioViewController.swift in Sources */ = {isa = PBXBuildFile; fileRef = 13AEEB0929023A0600098AB2 /* TablaUsuarioViewController.swift */; };
		13AEEB0C29023A8A00098AB2 /* UsuarioTableViewCell.swift in Sources */ = {isa = PBXBuildFile; fileRef = 13AEEB0B29023A8A00098AB2 /* UsuarioTableViewCell.swift */; };
		13AEEB0E2902414700098AB2 /* LenguajesProgramacionViewController.swift in Sources */ = {isa = PBXBuildFile; fileRef = 13AEEB0D2902414700098AB2 /* LenguajesProgramacionViewController.swift */; };
		13AEEB10290241A300098AB2 /* LenguajeCollectionViewCell.swift in Sources */ = {isa = PBXBuildFile; fileRef = 13AEEB0F290241A300098AB2 /* LenguajeCollectionViewCell.swift */; };
/* End PBXBuildFile section */

/* Begin PBXContainerItemProxy section */
		13AEEAED290222C000098AB2 /* PBXContainerItemProxy */ = {
			isa = PBXContainerItemProxy;
			containerPortal = 13AEEACB290222BF00098AB2 /* Project object */;
			proxyType = 1;
			remoteGlobalIDString = 13AEEAD2290222BF00098AB2;
			remoteInfo = ExamenParcial;
		};
		13AEEAF7290222C000098AB2 /* PBXContainerItemProxy */ = {
			isa = PBXContainerItemProxy;
			containerPortal = 13AEEACB290222BF00098AB2 /* Project object */;
			proxyType = 1;
			remoteGlobalIDString = 13AEEAD2290222BF00098AB2;
			remoteInfo = ExamenParcial;
		};
/* End PBXContainerItemProxy section */

/* Begin PBXFileReference section */
		131BA680290CB58F00FFFEB7 /* MovieWS.swift */ = {isa = PBXFileReference; lastKnownFileType = sourcecode.swift; path = MovieWS.swift; sourceTree = "<group>"; };
		131BA687290CB86A00FFFEB7 /* MoviesBE.swift */ = {isa = PBXFileReference; lastKnownFileType = sourcecode.swift; path = MoviesBE.swift; sourceTree = "<group>"; };
		131BA689290CBD6300FFFEB7 /* MovieBL.swift */ = {isa = PBXFileReference; lastKnownFileType = sourcecode.swift; path = MovieBL.swift; sourceTree = "<group>"; };
		13AEEAD3290222BF00098AB2 /* ExamenParcial.app */ = {isa = PBXFileReference; explicitFileType = wrapper.application; includeInIndex = 0; path = ExamenParcial.app; sourceTree = BUILT_PRODUCTS_DIR; };
		13AEEAD6290222BF00098AB2 /* AppDelegate.swift */ = {isa = PBXFileReference; lastKnownFileType = sourcecode.swift; path = AppDelegate.swift; sourceTree = "<group>"; };
		13AEEAD8290222BF00098AB2 /* SceneDelegate.swift */ = {isa = PBXFileReference; lastKnownFileType = sourcecode.swift; path = SceneDelegate.swift; sourceTree = "<group>"; };
		13AEEADA290222BF00098AB2 /* ViewController.swift */ = {isa = PBXFileReference; lastKnownFileType = sourcecode.swift; path = ViewController.swift; sourceTree = "<group>"; };
		13AEEADD290222BF00098AB2 /* Base */ = {isa = PBXFileReference; lastKnownFileType = file.storyboard; name = Base; path = Base.lproj/Main.storyboard; sourceTree = "<group>"; };
		13AEEAE0290222BF00098AB2 /* ExamenParcial.xcdatamodel */ = {isa = PBXFileReference; lastKnownFileType = wrapper.xcdatamodel; path = ExamenParcial.xcdatamodel; sourceTree = "<group>"; };
		13AEEAE2290222C000098AB2 /* Assets.xcassets */ = {isa = PBXFileReference; lastKnownFileType = folder.assetcatalog; path = Assets.xcassets; sourceTree = "<group>"; };
		13AEEAE5290222C000098AB2 /* Base */ = {isa = PBXFileReference; lastKnownFileType = file.storyboard; name = Base; path = Base.lproj/LaunchScreen.storyboard; sourceTree = "<group>"; };
		13AEEAE7290222C000098AB2 /* Info.plist */ = {isa = PBXFileReference; lastKnownFileType = text.plist.xml; path = Info.plist; sourceTree = "<group>"; };
		13AEEAEC290222C000098AB2 /* ExamenParcialTests.xctest */ = {isa = PBXFileReference; explicitFileType = wrapper.cfbundle; includeInIndex = 0; path = ExamenParcialTests.xctest; sourceTree = BUILT_PRODUCTS_DIR; };
		13AEEAF0290222C000098AB2 /* ExamenParcialTests.swift */ = {isa = PBXFileReference; lastKnownFileType = sourcecode.swift; path = ExamenParcialTests.swift; sourceTree = "<group>"; };
		13AEEAF6290222C000098AB2 /* ExamenParcialUITests.xctest */ = {isa = PBXFileReference; explicitFileType = wrapper.cfbundle; includeInIndex = 0; path = ExamenParcialUITests.xctest; sourceTree = BUILT_PRODUCTS_DIR; };
		13AEEAFA290222C000098AB2 /* ExamenParcialUITests.swift */ = {isa = PBXFileReference; lastKnownFileType = sourcecode.swift; path = ExamenParcialUITests.swift; sourceTree = "<group>"; };
		13AEEAFC290222C000098AB2 /* ExamenParcialUITestsLaunchTests.swift */ = {isa = PBXFileReference; lastKnownFileType = sourcecode.swift; path = ExamenParcialUITestsLaunchTests.swift; sourceTree = "<group>"; };
		13AEEB0929023A0600098AB2 /* TablaUsuarioViewController.swift */ = {isa = PBXFileReference; lastKnownFileType = sourcecode.swift; path = TablaUsuarioViewController.swift; sourceTree = "<group>"; };
		13AEEB0B29023A8A00098AB2 /* UsuarioTableViewCell.swift */ = {isa = PBXFileReference; lastKnownFileType = sourcecode.swift; path = UsuarioTableViewCell.swift; sourceTree = "<group>"; };
		13AEEB0D2902414700098AB2 /* LenguajesProgramacionViewController.swift */ = {isa = PBXFileReference; lastKnownFileType = sourcecode.swift; path = LenguajesProgramacionViewController.swift; sourceTree = "<group>"; };
		13AEEB0F290241A300098AB2 /* LenguajeCollectionViewCell.swift */ = {isa = PBXFileReference; lastKnownFileType = sourcecode.swift; path = LenguajeCollectionViewCell.swift; sourceTree = "<group>"; };
/* End PBXFileReference section */

/* Begin PBXFrameworksBuildPhase section */
		13AEEAD0290222BF00098AB2 /* Frameworks */ = {
			isa = PBXFrameworksBuildPhase;
			buildActionMask = 2147483647;
			files = (
				131BA686290CB72F00FFFEB7 /* Alamofire in Frameworks */,
				131BA68D290CC47100FFFEB7 /* AlamofireImage in Frameworks */,
			);
			runOnlyForDeploymentPostprocessing = 0;
		};
		13AEEAE9290222C000098AB2 /* Frameworks */ = {
			isa = PBXFrameworksBuildPhase;
			buildActionMask = 2147483647;
			files = (
			);
			runOnlyForDeploymentPostprocessing = 0;
		};
		13AEEAF3290222C000098AB2 /* Frameworks */ = {
			isa = PBXFrameworksBuildPhase;
			buildActionMask = 2147483647;
			files = (
			);
			runOnlyForDeploymentPostprocessing = 0;
		};
/* End PBXFrameworksBuildPhase section */

/* Begin PBXGroup section */
		131BA679290CB52D00FFFEB7 /* iPhone */ = {
			isa = PBXGroup;
			children = (
				131BA67F290CB56D00FFFEB7 /* StoryBoard */,
				131BA67E290CB56300FFFEB7 /* Clases */,
			);
			path = iPhone;
			sourceTree = "<group>";
		};
		131BA67A290CB53700FFFEB7 /* BE */ = {
			isa = PBXGroup;
			children = (
				131BA687290CB86A00FFFEB7 /* MoviesBE.swift */,
			);
			path = BE;
			sourceTree = "<group>";
		};
		131BA67B290CB53E00FFFEB7 /* DA */ = {
			isa = PBXGroup;
			children = (
			);
			path = DA;
			sourceTree = "<group>";
		};
		131BA67C290CB54800FFFEB7 /* BL */ = {
			isa = PBXGroup;
			children = (
				131BA689290CBD6300FFFEB7 /* MovieBL.swift */,
			);
			path = BL;
			sourceTree = "<group>";
		};
		131BA67D290CB55300FFFEB7 /* WS */ = {
			isa = PBXGroup;
			children = (
				131BA680290CB58F00FFFEB7 /* MovieWS.swift */,
			);
			path = WS;
			sourceTree = "<group>";
		};
		131BA67E290CB56300FFFEB7 /* Clases */ = {
			isa = PBXGroup;
			children = (
				131BA683290CB5AF00FFFEB7 /* Pantalla2 */,
				131BA682290CB5A500FFFEB7 /* Pantalla1 */,
			);
			path = Clases;
			sourceTree = "<group>";
		};
		131BA67F290CB56D00FFFEB7 /* StoryBoard */ = {
			isa = PBXGroup;
			children = (
				13AEEADC290222BF00098AB2 /* Main.storyboard */,
			);
			path = StoryBoard;
			sourceTree = "<group>";
		};
		131BA682290CB5A500FFFEB7 /* Pantalla1 */ = {
			isa = PBXGroup;
			children = (
				13AEEB0929023A0600098AB2 /* TablaUsuarioViewController.swift */,
				13AEEB0B29023A8A00098AB2 /* UsuarioTableViewCell.swift */,
			);
			path = Pantalla1;
			sourceTree = "<group>";
		};
		131BA683290CB5AF00FFFEB7 /* Pantalla2 */ = {
			isa = PBXGroup;
			children = (
				13AEEB0D2902414700098AB2 /* LenguajesProgramacionViewController.swift */,
				13AEEB0F290241A300098AB2 /* LenguajeCollectionViewCell.swift */,
			);
			path = Pantalla2;
			sourceTree = "<group>";
		};
		13AEEACA290222BF00098AB2 = {
			isa = PBXGroup;
			children = (
				13AEEAD5290222BF00098AB2 /* ExamenParcial */,
				13AEEAEF290222C000098AB2 /* ExamenParcialTests */,
				13AEEAF9290222C000098AB2 /* ExamenParcialUITests */,
				13AEEAD4290222BF00098AB2 /* Products */,
			);
			sourceTree = "<group>";
		};
		13AEEAD4290222BF00098AB2 /* Products */ = {
			isa = PBXGroup;
			children = (
				13AEEAD3290222BF00098AB2 /* ExamenParcial.app */,
				13AEEAEC290222C000098AB2 /* ExamenParcialTests.xctest */,
				13AEEAF6290222C000098AB2 /* ExamenParcialUITests.xctest */,
			);
			name = Products;
			sourceTree = "<group>";
		};
		13AEEAD5290222BF00098AB2 /* ExamenParcial */ = {
			isa = PBXGroup;
			children = (
				131BA67D290CB55300FFFEB7 /* WS */,
				131BA67C290CB54800FFFEB7 /* BL */,
				131BA67B290CB53E00FFFEB7 /* DA */,
				131BA67A290CB53700FFFEB7 /* BE */,
				131BA679290CB52D00FFFEB7 /* iPhone */,
				13AEEAD6290222BF00098AB2 /* AppDelegate.swift */,
				13AEEAD8290222BF00098AB2 /* SceneDelegate.swift */,
				13AEEADA290222BF00098AB2 /* ViewController.swift */,
				13AEEAE2290222C000098AB2 /* Assets.xcassets */,
				13AEEAE4290222C000098AB2 /* LaunchScreen.storyboard */,
				13AEEAE7290222C000098AB2 /* Info.plist */,
				13AEEADF290222BF00098AB2 /* ExamenParcial.xcdatamodeld */,
			);
			path = ExamenParcial;
			sourceTree = "<group>";
		};
		13AEEAEF290222C000098AB2 /* ExamenParcialTests */ = {
			isa = PBXGroup;
			children = (
				13AEEAF0290222C000098AB2 /* ExamenParcialTests.swift */,
			);
			path = ExamenParcialTests;
			sourceTree = "<group>";
		};
		13AEEAF9290222C000098AB2 /* ExamenParcialUITests */ = {
			isa = PBXGroup;
			children = (
				13AEEAFA290222C000098AB2 /* ExamenParcialUITests.swift */,
				13AEEAFC290222C000098AB2 /* ExamenParcialUITestsLaunchTests.swift */,
			);
			path = ExamenParcialUITests;
			sourceTree = "<group>";
		};
/* End PBXGroup section */

/* Begin PBXNativeTarget section */
		13AEEAD2290222BF00098AB2 /* ExamenParcial */ = {
			isa = PBXNativeTarget;
			buildConfigurationList = 13AEEB00290222C000098AB2 /* Build configuration list for PBXNativeTarget "ExamenParcial" */;
			buildPhases = (
				13AEEACF290222BF00098AB2 /* Sources */,
				13AEEAD0290222BF00098AB2 /* Frameworks */,
				13AEEAD1290222BF00098AB2 /* Resources */,
			);
			buildRules = (
			);
			dependencies = (
			);
			name = ExamenParcial;
			packageProductDependencies = (
				131BA685290CB72F00FFFEB7 /* Alamofire */,
				131BA68C290CC47100FFFEB7 /* AlamofireImage */,
			);
			productName = ExamenParcial;
			productReference = 13AEEAD3290222BF00098AB2 /* ExamenParcial.app */;
			productType = "com.apple.product-type.application";
		};
		13AEEAEB290222C000098AB2 /* ExamenParcialTests */ = {
			isa = PBXNativeTarget;
			buildConfigurationList = 13AEEB03290222C000098AB2 /* Build configuration list for PBXNativeTarget "ExamenParcialTests" */;
			buildPhases = (
				13AEEAE8290222C000098AB2 /* Sources */,
				13AEEAE9290222C000098AB2 /* Frameworks */,
				13AEEAEA290222C000098AB2 /* Resources */,
			);
			buildRules = (
			);
			dependencies = (
				13AEEAEE290222C000098AB2 /* PBXTargetDependency */,
			);
			name = ExamenParcialTests;
			productName = ExamenParcialTests;
			productReference = 13AEEAEC290222C000098AB2 /* ExamenParcialTests.xctest */;
			productType = "com.apple.product-type.bundle.unit-test";
		};
		13AEEAF5290222C000098AB2 /* ExamenParcialUITests */ = {
			isa = PBXNativeTarget;
			buildConfigurationList = 13AEEB06290222C000098AB2 /* Build configuration list for PBXNativeTarget "ExamenParcialUITests" */;
			buildPhases = (
				13AEEAF2290222C000098AB2 /* Sources */,
				13AEEAF3290222C000098AB2 /* Frameworks */,
				13AEEAF4290222C000098AB2 /* Resources */,
			);
			buildRules = (
			);
			dependencies = (
				13AEEAF8290222C000098AB2 /* PBXTargetDependency */,
			);
			name = ExamenParcialUITests;
			productName = ExamenParcialUITests;
			productReference = 13AEEAF6290222C000098AB2 /* ExamenParcialUITests.xctest */;
			productType = "com.apple.product-type.bundle.ui-testing";
		};
/* End PBXNativeTarget section */

/* Begin PBXProject section */
		13AEEACB290222BF00098AB2 /* Project object */ = {
			isa = PBXProject;
			attributes = {
				BuildIndependentTargetsInParallel = 1;
				LastSwiftUpdateCheck = 1320;
				LastUpgradeCheck = 1320;
				TargetAttributes = {
					13AEEAD2290222BF00098AB2 = {
						CreatedOnToolsVersion = 13.2.1;
					};
					13AEEAEB290222C000098AB2 = {
						CreatedOnToolsVersion = 13.2.1;
						TestTargetID = 13AEEAD2290222BF00098AB2;
					};
					13AEEAF5290222C000098AB2 = {
						CreatedOnToolsVersion = 13.2.1;
						TestTargetID = 13AEEAD2290222BF00098AB2;
					};
				};
			};
			buildConfigurationList = 13AEEACE290222BF00098AB2 /* Build configuration list for PBXProject "ExamenParcial" */;
			compatibilityVersion = "Xcode 13.0";
			developmentRegion = en;
			hasScannedForEncodings = 0;
			knownRegions = (
				en,
				Base,
			);
			mainGroup = 13AEEACA290222BF00098AB2;
			packageReferences = (
				131BA684290CB72F00FFFEB7 /* XCRemoteSwiftPackageReference "Alamofire" */,
				131BA68B290CC47100FFFEB7 /* XCRemoteSwiftPackageReference "AlamofireImage" */,
			);
			productRefGroup = 13AEEAD4290222BF00098AB2 /* Products */;
			projectDirPath = "";
			projectRoot = "";
			targets = (
				13AEEAD2290222BF00098AB2 /* ExamenParcial */,
				13AEEAEB290222C000098AB2 /* ExamenParcialTests */,
				13AEEAF5290222C000098AB2 /* ExamenParcialUITests */,
			);
		};
/* End PBXProject section */

/* Begin PBXResourcesBuildPhase section */
		13AEEAD1290222BF00098AB2 /* Resources */ = {
			isa = PBXResourcesBuildPhase;
			buildActionMask = 2147483647;
			files = (
				13AEEAE6290222C000098AB2 /* LaunchScreen.storyboard in Resources */,
				13AEEAE3290222C000098AB2 /* Assets.xcassets in Resources */,
				13AEEADE290222BF00098AB2 /* Main.storyboard in Resources */,
			);
			runOnlyForDeploymentPostprocessing = 0;
		};
		13AEEAEA290222C000098AB2 /* Resources */ = {
			isa = PBXResourcesBuildPhase;
			buildActionMask = 2147483647;
			files = (
			);
			runOnlyForDeploymentPostprocessing = 0;
		};
		13AEEAF4290222C000098AB2 /* Resources */ = {
			isa = PBXResourcesBuildPhase;
			buildActionMask = 2147483647;
			files = (
			);
			runOnlyForDeploymentPostprocessing = 0;
		};
/* End PBXResourcesBuildPhase section */

/* Begin PBXSourcesBuildPhase section */
		13AEEACF290222BF00098AB2 /* Sources */ = {
			isa = PBXSourcesBuildPhase;
			buildActionMask = 2147483647;
			files = (
				13AEEB0E2902414700098AB2 /* LenguajesProgramacionViewController.swift in Sources */,
				13AEEB0A29023A0600098AB2 /* TablaUsuarioViewController.swift in Sources */,
				13AEEB10290241A300098AB2 /* LenguajeCollectionViewCell.swift in Sources */,
				13AEEAE1290222BF00098AB2 /* ExamenParcial.xcdatamodeld in Sources */,
				13AEEB0C29023A8A00098AB2 /* UsuarioTableViewCell.swift in Sources */,
				131BA688290CB86A00FFFEB7 /* MoviesBE.swift in Sources */,
				13AEEADB290222BF00098AB2 /* ViewController.swift in Sources */,
				13AEEAD7290222BF00098AB2 /* AppDelegate.swift in Sources */,
				13AEEAD9290222BF00098AB2 /* SceneDelegate.swift in Sources */,
				131BA68A290CBD6300FFFEB7 /* MovieBL.swift in Sources */,
				131BA681290CB58F00FFFEB7 /* MovieWS.swift in Sources */,
			);
			runOnlyForDeploymentPostprocessing = 0;
		};
		13AEEAE8290222C000098AB2 /* Sources */ = {
			isa = PBXSourcesBuildPhase;
			buildActionMask = 2147483647;
			files = (
				13AEEAF1290222C000098AB2 /* ExamenParcialTests.swift in Sources */,
			);
			runOnlyForDeploymentPostprocessing = 0;
		};
		13AEEAF2290222C000098AB2 /* Sources */ = {
			isa = PBXSourcesBuildPhase;
			buildActionMask = 2147483647;
			files = (
				13AEEAFB290222C000098AB2 /* ExamenParcialUITests.swift in Sources */,
				13AEEAFD290222C000098AB2 /* ExamenParcialUITestsLaunchTests.swift in Sources */,
			);
			runOnlyForDeploymentPostprocessing = 0;
		};
/* End PBXSourcesBuildPhase section */

/* Begin PBXTargetDependency section */
		13AEEAEE290222C000098AB2 /* PBXTargetDependency */ = {
			isa = PBXTargetDependency;
			target = 13AEEAD2290222BF00098AB2 /* ExamenParcial */;
			targetProxy = 13AEEAED290222C000098AB2 /* PBXContainerItemProxy */;
		};
		13AEEAF8290222C000098AB2 /* PBXTargetDependency */ = {
			isa = PBXTargetDependency;
			target = 13AEEAD2290222BF00098AB2 /* ExamenParcial */;
			targetProxy = 13AEEAF7290222C000098AB2 /* PBXContainerItemProxy */;
		};
/* End PBXTargetDependency section */

/* Begin PBXVariantGroup section */
		13AEEADC290222BF00098AB2 /* Main.storyboard */ = {
			isa = PBXVariantGroup;
			children = (
				13AEEADD290222BF00098AB2 /* Base */,
			);
			name = Main.storyboard;
			sourceTree = "<group>";
		};
		13AEEAE4290222C000098AB2 /* LaunchScreen.storyboard */ = {
			isa = PBXVariantGroup;
			children = (
				13AEEAE5290222C000098AB2 /* Base */,
			);
			name = LaunchScreen.storyboard;
			sourceTree = "<group>";
		};
/* End PBXVariantGroup section */

/* Begin XCBuildConfiguration section */
		13AEEAFE290222C000098AB2 /* Debug */ = {
			isa = XCBuildConfiguration;
			buildSettings = {
				ALWAYS_SEARCH_USER_PATHS = NO;
				CLANG_ANALYZER_NONNULL = YES;
				CLANG_ANALYZER_NUMBER_OBJECT_CONVERSION = YES_AGGRESSIVE;
				CLANG_CXX_LANGUAGE_STANDARD = "gnu++17";
				CLANG_CXX_LIBRARY = "libc++";
				CLANG_ENABLE_MODULES = YES;
				CLANG_ENABLE_OBJC_ARC = YES;
				CLANG_ENABLE_OBJC_WEAK = YES;
				CLANG_WARN_BLOCK_CAPTURE_AUTORELEASING = YES;
				CLANG_WARN_BOOL_CONVERSION = YES;
				CLANG_WARN_COMMA = YES;
				CLANG_WARN_CONSTANT_CONVERSION = YES;
				CLANG_WARN_DEPRECATED_OBJC_IMPLEMENTATIONS = YES;
				CLANG_WARN_DIRECT_OBJC_ISA_USAGE = YES_ERROR;
				CLANG_WARN_DOCUMENTATION_COMMENTS = YES;
				CLANG_WARN_EMPTY_BODY = YES;
				CLANG_WARN_ENUM_CONVERSION = YES;
				CLANG_WARN_INFINITE_RECURSION = YES;
				CLANG_WARN_INT_CONVERSION = YES;
				CLANG_WARN_NON_LITERAL_NULL_CONVERSION = YES;
				CLANG_WARN_OBJC_IMPLICIT_RETAIN_SELF = YES;
				CLANG_WARN_OBJC_LITERAL_CONVERSION = YES;
				CLANG_WARN_OBJC_ROOT_CLASS = YES_ERROR;
				CLANG_WARN_QUOTED_INCLUDE_IN_FRAMEWORK_HEADER = YES;
				CLANG_WARN_RANGE_LOOP_ANALYSIS = YES;
				CLANG_WARN_STRICT_PROTOTYPES = YES;
				CLANG_WARN_SUSPICIOUS_MOVE = YES;
				CLANG_WARN_UNGUARDED_AVAILABILITY = YES_AGGRESSIVE;
				CLANG_WARN_UNREACHABLE_CODE = YES;
				CLANG_WARN__DUPLICATE_METHOD_MATCH = YES;
				COPY_PHASE_STRIP = NO;
				DEBUG_INFORMATION_FORMAT = dwarf;
				ENABLE_STRICT_OBJC_MSGSEND = YES;
				ENABLE_TESTABILITY = YES;
				GCC_C_LANGUAGE_STANDARD = gnu11;
				GCC_DYNAMIC_NO_PIC = NO;
				GCC_NO_COMMON_BLOCKS = YES;
				GCC_OPTIMIZATION_LEVEL = 0;
				GCC_PREPROCESSOR_DEFINITIONS = (
					"DEBUG=1",
					"$(inherited)",
				);
				GCC_WARN_64_TO_32_BIT_CONVERSION = YES;
				GCC_WARN_ABOUT_RETURN_TYPE = YES_ERROR;
				GCC_WARN_UNDECLARED_SELECTOR = YES;
				GCC_WARN_UNINITIALIZED_AUTOS = YES_AGGRESSIVE;
				GCC_WARN_UNUSED_FUNCTION = YES;
				GCC_WARN_UNUSED_VARIABLE = YES;
				IPHONEOS_DEPLOYMENT_TARGET = 15.2;
				MTL_ENABLE_DEBUG_INFO = INCLUDE_SOURCE;
				MTL_FAST_MATH = YES;
				ONLY_ACTIVE_ARCH = YES;
				SDKROOT = iphoneos;
				SWIFT_ACTIVE_COMPILATION_CONDITIONS = DEBUG;
				SWIFT_OPTIMIZATION_LEVEL = "-Onone";
			};
			name = Debug;
		};
		13AEEAFF290222C000098AB2 /* Release */ = {
			isa = XCBuildConfiguration;
			buildSettings = {
				ALWAYS_SEARCH_USER_PATHS = NO;
				CLANG_ANALYZER_NONNULL = YES;
				CLANG_ANALYZER_NUMBER_OBJECT_CONVERSION = YES_AGGRESSIVE;
				CLANG_CXX_LANGUAGE_STANDARD = "gnu++17";
				CLANG_CXX_LIBRARY = "libc++";
				CLANG_ENABLE_MODULES = YES;
				CLANG_ENABLE_OBJC_ARC = YES;
				CLANG_ENABLE_OBJC_WEAK = YES;
				CLANG_WARN_BLOCK_CAPTURE_AUTORELEASING = YES;
				CLANG_WARN_BOOL_CONVERSION = YES;
				CLANG_WARN_COMMA = YES;
				CLANG_WARN_CONSTANT_CONVERSION = YES;
				CLANG_WARN_DEPRECATED_OBJC_IMPLEMENTATIONS = YES;
				CLANG_WARN_DIRECT_OBJC_ISA_USAGE = YES_ERROR;
				CLANG_WARN_DOCUMENTATION_COMMENTS = YES;
				CLANG_WARN_EMPTY_BODY = YES;
				CLANG_WARN_ENUM_CONVERSION = YES;
				CLANG_WARN_INFINITE_RECURSION = YES;
				CLANG_WARN_INT_CONVERSION = YES;
				CLANG_WARN_NON_LITERAL_NULL_CONVERSION = YES;
				CLANG_WARN_OBJC_IMPLICIT_RETAIN_SELF = YES;
				CLANG_WARN_OBJC_LITERAL_CONVERSION = YES;
				CLANG_WARN_OBJC_ROOT_CLASS = YES_ERROR;
				CLANG_WARN_QUOTED_INCLUDE_IN_FRAMEWORK_HEADER = YES;
				CLANG_WARN_RANGE_LOOP_ANALYSIS = YES;
				CLANG_WARN_STRICT_PROTOTYPES = YES;
				CLANG_WARN_SUSPICIOUS_MOVE = YES;
				CLANG_WARN_UNGUARDED_AVAILABILITY = YES_AGGRESSIVE;
				CLANG_WARN_UNREACHABLE_CODE = YES;
				CLANG_WARN__DUPLICATE_METHOD_MATCH = YES;
				COPY_PHASE_STRIP = NO;
				DEBUG_INFORMATION_FORMAT = "dwarf-with-dsym";
				ENABLE_NS_ASSERTIONS = NO;
				ENABLE_STRICT_OBJC_MSGSEND = YES;
				GCC_C_LANGUAGE_STANDARD = gnu11;
				GCC_NO_COMMON_BLOCKS = YES;
				GCC_WARN_64_TO_32_BIT_CONVERSION = YES;
				GCC_WARN_ABOUT_RETURN_TYPE = YES_ERROR;
				GCC_WARN_UNDECLARED_SELECTOR = YES;
				GCC_WARN_UNINITIALIZED_AUTOS = YES_AGGRESSIVE;
				GCC_WARN_UNUSED_FUNCTION = YES;
				GCC_WARN_UNUSED_VARIABLE = YES;
				IPHONEOS_DEPLOYMENT_TARGET = 15.2;
				MTL_ENABLE_DEBUG_INFO = NO;
				MTL_FAST_MATH = YES;
				SDKROOT = iphoneos;
				SWIFT_COMPILATION_MODE = wholemodule;
				SWIFT_OPTIMIZATION_LEVEL = "-O";
				VALIDATE_PRODUCT = YES;
			};
			name = Release;
		};
		13AEEB01290222C000098AB2 /* Debug */ = {
			isa = XCBuildConfiguration;
			buildSettings = {
				ASSETCATALOG_COMPILER_APPICON_NAME = AppIcon;
				ASSETCATALOG_COMPILER_GLOBAL_ACCENT_COLOR_NAME = AccentColor;
				CODE_SIGN_STYLE = Automatic;
				CURRENT_PROJECT_VERSION = 1;
				GENERATE_INFOPLIST_FILE = YES;
				INFOPLIST_FILE = ExamenParcial/Info.plist;
				INFOPLIST_KEY_UIApplicationSupportsIndirectInputEvents = YES;
				INFOPLIST_KEY_UILaunchStoryboardName = LaunchScreen;
				INFOPLIST_KEY_UIMainStoryboardFile = Main;
				INFOPLIST_KEY_UISupportedInterfaceOrientations_iPad = "UIInterfaceOrientationPortrait UIInterfaceOrientationPortraitUpsideDown UIInterfaceOrientationLandscapeLeft UIInterfaceOrientationLandscapeRight";
				INFOPLIST_KEY_UISupportedInterfaceOrientations_iPhone = "UIInterfaceOrientationPortrait UIInterfaceOrientationLandscapeLeft UIInterfaceOrientationLandscapeRight";
				LD_RUNPATH_SEARCH_PATHS = (
					"$(inherited)",
					"@executable_path/Frameworks",
				);
				MARKETING_VERSION = 1.0;
				PRODUCT_BUNDLE_IDENTIFIER = com.ISIL.ExamenParcial;
				PRODUCT_NAME = "$(TARGET_NAME)";
				SWIFT_EMIT_LOC_STRINGS = YES;
				SWIFT_VERSION = 5.0;
				TARGETED_DEVICE_FAMILY = "1,2";
			};
			name = Debug;
		};
		13AEEB02290222C000098AB2 /* Release */ = {
			isa = XCBuildConfiguration;
			buildSettings = {
				ASSETCATALOG_COMPILER_APPICON_NAME = AppIcon;
				ASSETCATALOG_COMPILER_GLOBAL_ACCENT_COLOR_NAME = AccentColor;
				CODE_SIGN_STYLE = Automatic;
				CURRENT_PROJECT_VERSION = 1;
				GENERATE_INFOPLIST_FILE = YES;
				INFOPLIST_FILE = ExamenParcial/Info.plist;
				INFOPLIST_KEY_UIApplicationSupportsIndirectInputEvents = YES;
				INFOPLIST_KEY_UILaunchStoryboardName = LaunchScreen;
				INFOPLIST_KEY_UIMainStoryboardFile = Main;
				INFOPLIST_KEY_UISupportedInterfaceOrientations_iPad = "UIInterfaceOrientationPortrait UIInterfaceOrientationPortraitUpsideDown UIInterfaceOrientationLandscapeLeft UIInterfaceOrientationLandscapeRight";
				INFOPLIST_KEY_UISupportedInterfaceOrientations_iPhone = "UIInterfaceOrientationPortrait UIInterfaceOrientationLandscapeLeft UIInterfaceOrientationLandscapeRight";
				LD_RUNPATH_SEARCH_PATHS = (
					"$(inherited)",
					"@executable_path/Frameworks",
				);
				MARKETING_VERSION = 1.0;
				PRODUCT_BUNDLE_IDENTIFIER = com.ISIL.ExamenParcial;
				PRODUCT_NAME = "$(TARGET_NAME)";
				SWIFT_EMIT_LOC_STRINGS = YES;
				SWIFT_VERSION = 5.0;
				TARGETED_DEVICE_FAMILY = "1,2";
			};
			name = Release;
		};
		13AEEB04290222C000098AB2 /* Debug */ = {
			isa = XCBuildConfiguration;
			buildSettings = {
				ALWAYS_EMBED_SWIFT_STANDARD_LIBRARIES = YES;
				BUNDLE_LOADER = "$(TEST_HOST)";
				CODE_SIGN_STYLE = Automatic;
				CURRENT_PROJECT_VERSION = 1;
				GENERATE_INFOPLIST_FILE = YES;
				IPHONEOS_DEPLOYMENT_TARGET = 15.2;
				MARKETING_VERSION = 1.0;
				PRODUCT_BUNDLE_IDENTIFIER = com.ISIL.ExamenParcialTests;
				PRODUCT_NAME = "$(TARGET_NAME)";
				SWIFT_EMIT_LOC_STRINGS = NO;
				SWIFT_VERSION = 5.0;
				TARGETED_DEVICE_FAMILY = "1,2";
				TEST_HOST = "$(BUILT_PRODUCTS_DIR)/ExamenParcial.app/ExamenParcial";
			};
			name = Debug;
		};
		13AEEB05290222C000098AB2 /* Release */ = {
			isa = XCBuildConfiguration;
			buildSettings = {
				ALWAYS_EMBED_SWIFT_STANDARD_LIBRARIES = YES;
				BUNDLE_LOADER = "$(TEST_HOST)";
				CODE_SIGN_STYLE = Automatic;
				CURRENT_PROJECT_VERSION = 1;
				GENERATE_INFOPLIST_FILE = YES;
				IPHONEOS_DEPLOYMENT_TARGET = 15.2;
				MARKETING_VERSION = 1.0;
				PRODUCT_BUNDLE_IDENTIFIER = com.ISIL.ExamenParcialTests;
				PRODUCT_NAME = "$(TARGET_NAME)";
				SWIFT_EMIT_LOC_STRINGS = NO;
				SWIFT_VERSION = 5.0;
				TARGETED_DEVICE_FAMILY = "1,2";
				TEST_HOST = "$(BUILT_PRODUCTS_DIR)/ExamenParcial.app/ExamenParcial";
			};
			name = Release;
		};
		13AEEB07290222C000098AB2 /* Debug */ = {
			isa = XCBuildConfiguration;
			buildSettings = {
				ALWAYS_EMBED_SWIFT_STANDARD_LIBRARIES = YES;
				CODE_SIGN_STYLE = Automatic;
				CURRENT_PROJECT_VERSION = 1;
				GENERATE_INFOPLIST_FILE = YES;
				MARKETING_VERSION = 1.0;
				PRODUCT_BUNDLE_IDENTIFIER = com.ISIL.ExamenParcialUITests;
				PRODUCT_NAME = "$(TARGET_NAME)";
				SWIFT_EMIT_LOC_STRINGS = NO;
				SWIFT_VERSION = 5.0;
				TARGETED_DEVICE_FAMILY = "1,2";
				TEST_TARGET_NAME = ExamenParcial;
			};
			name = Debug;
		};
		13AEEB08290222C000098AB2 /* Release */ = {
			isa = XCBuildConfiguration;
			buildSettings = {
				ALWAYS_EMBED_SWIFT_STANDARD_LIBRARIES = YES;
				CODE_SIGN_STYLE = Automatic;
				CURRENT_PROJECT_VERSION = 1;
				GENERATE_INFOPLIST_FILE = YES;
				MARKETING_VERSION = 1.0;
				PRODUCT_BUNDLE_IDENTIFIER = com.ISIL.ExamenParcialUITests;
				PRODUCT_NAME = "$(TARGET_NAME)";
				SWIFT_EMIT_LOC_STRINGS = NO;
				SWIFT_VERSION = 5.0;
				TARGETED_DEVICE_FAMILY = "1,2";
				TEST_TARGET_NAME = ExamenParcial;
			};
			name = Release;
		};
/* End XCBuildConfiguration section */

/* Begin XCConfigurationList section */
		13AEEACE290222BF00098AB2 /* Build configuration list for PBXProject "ExamenParcial" */ = {
			isa = XCConfigurationList;
			buildConfigurations = (
				13AEEAFE290222C000098AB2 /* Debug */,
				13AEEAFF290222C000098AB2 /* Release */,
			);
			defaultConfigurationIsVisible = 0;
			defaultConfigurationName = Release;
		};
		13AEEB00290222C000098AB2 /* Build configuration list for PBXNativeTarget "ExamenParcial" */ = {
			isa = XCConfigurationList;
			buildConfigurations = (
				13AEEB01290222C000098AB2 /* Debug */,
				13AEEB02290222C000098AB2 /* Release */,
			);
			defaultConfigurationIsVisible = 0;
			defaultConfigurationName = Release;
		};
		13AEEB03290222C000098AB2 /* Build configuration list for PBXNativeTarget "ExamenParcialTests" */ = {
			isa = XCConfigurationList;
			buildConfigurations = (
				13AEEB04290222C000098AB2 /* Debug */,
				13AEEB05290222C000098AB2 /* Release */,
			);
			defaultConfigurationIsVisible = 0;
			defaultConfigurationName = Release;
		};
		13AEEB06290222C000098AB2 /* Build configuration list for PBXNativeTarget "ExamenParcialUITests" */ = {
			isa = XCConfigurationList;
			buildConfigurations = (
				13AEEB07290222C000098AB2 /* Debug */,
				13AEEB08290222C000098AB2 /* Release */,
			);
			defaultConfigurationIsVisible = 0;
			defaultConfigurationName = Release;
		};
/* End XCConfigurationList section */

/* Begin XCRemoteSwiftPackageReference section */
		131BA684290CB72F00FFFEB7 /* XCRemoteSwiftPackageReference "Alamofire" */ = {
			isa = XCRemoteSwiftPackageReference;
			repositoryURL = "https://github.com/Alamofire/Alamofire.git";
			requirement = {
				kind = upToNextMajorVersion;
				minimumVersion = 5.0.0;
			};
		};
		131BA68B290CC47100FFFEB7 /* XCRemoteSwiftPackageReference "AlamofireImage" */ = {
			isa = XCRemoteSwiftPackageReference;
			repositoryURL = "https://github.com/Alamofire/AlamofireImage.git";
			requirement = {
				kind = upToNextMajorVersion;
				minimumVersion = 4.0.0;
			};
		};
/* End XCRemoteSwiftPackageReference section */

/* Begin XCSwiftPackageProductDependency section */
		131BA685290CB72F00FFFEB7 /* Alamofire */ = {
			isa = XCSwiftPackageProductDependency;
			package = 131BA684290CB72F00FFFEB7 /* XCRemoteSwiftPackageReference "Alamofire" */;
			productName = Alamofire;
		};
		131BA68C290CC47100FFFEB7 /* AlamofireImage */ = {
			isa = XCSwiftPackageProductDependency;
			package = 131BA68B290CC47100FFFEB7 /* XCRemoteSwiftPackageReference "AlamofireImage" */;
			productName = AlamofireImage;
		};
/* End XCSwiftPackageProductDependency section */

/* Begin XCVersionGroup section */
		13AEEADF290222BF00098AB2 /* ExamenParcial.xcdatamodeld */ = {
			isa = XCVersionGroup;
			children = (
				13AEEAE0290222BF00098AB2 /* ExamenParcial.xcdatamodel */,
			);
			currentVersion = 13AEEAE0290222BF00098AB2 /* ExamenParcial.xcdatamodel */;
			path = ExamenParcial.xcdatamodeld;
			sourceTree = "<group>";
			versionGroupType = wrapper.xcdatamodel;
		};
/* End XCVersionGroup section */
	};
	rootObject = 13AEEACB290222BF00098AB2 /* Project object */;
}
