// !$*UTF8*$!
{
	archiveVersion = 1;
	classes = {
	};
	objectVersion = 55;
	objects = {

/* Begin PBXBuildFile section */
		13DE670428FA669B00347486 /* AppDelegate.swift in Sources */ = {isa = PBXBuildFile; fileRef = 13DE670328FA669B00347486 /* AppDelegate.swift */; };
		13DE670628FA669B00347486 /* SceneDelegate.swift in Sources */ = {isa = PBXBuildFile; fileRef = 13DE670528FA669B00347486 /* SceneDelegate.swift */; };
		13DE670828FA669B00347486 /* ViewController.swift in Sources */ = {isa = PBXBuildFile; fileRef = 13DE670728FA669B00347486 /* ViewController.swift */; };
		13DE670B28FA669B00347486 /* Main.storyboard in Resources */ = {isa = PBXBuildFile; fileRef = 13DE670928FA669B00347486 /* Main.storyboard */; };
		13DE670E28FA669B00347486 /* SizeClasses.xcdatamodeld in Sources */ = {isa = PBXBuildFile; fileRef = 13DE670C28FA669B00347486 /* SizeClasses.xcdatamodeld */; };
		13DE671028FA669D00347486 /* Assets.xcassets in Resources */ = {isa = PBXBuildFile; fileRef = 13DE670F28FA669D00347486 /* Assets.xcassets */; };
		13DE671328FA669D00347486 /* LaunchScreen.storyboard in Resources */ = {isa = PBXBuildFile; fileRef = 13DE671128FA669D00347486 /* LaunchScreen.storyboard */; };
		13DE671E28FA669D00347486 /* SizeClassesTests.swift in Sources */ = {isa = PBXBuildFile; fileRef = 13DE671D28FA669D00347486 /* SizeClassesTests.swift */; };
		13DE672828FA669D00347486 /* SizeClassesUITests.swift in Sources */ = {isa = PBXBuildFile; fileRef = 13DE672728FA669D00347486 /* SizeClassesUITests.swift */; };
		13DE672A28FA669D00347486 /* SizeClassesUITestsLaunchTests.swift in Sources */ = {isa = PBXBuildFile; fileRef = 13DE672928FA669D00347486 /* SizeClassesUITestsLaunchTests.swift */; };
/* End PBXBuildFile section */

/* Begin PBXContainerItemProxy section */
		13DE671A28FA669D00347486 /* PBXContainerItemProxy */ = {
			isa = PBXContainerItemProxy;
			containerPortal = 13DE66F828FA669B00347486 /* Project object */;
			proxyType = 1;
			remoteGlobalIDString = 13DE66FF28FA669B00347486;
			remoteInfo = SizeClasses;
		};
		13DE672428FA669D00347486 /* PBXContainerItemProxy */ = {
			isa = PBXContainerItemProxy;
			containerPortal = 13DE66F828FA669B00347486 /* Project object */;
			proxyType = 1;
			remoteGlobalIDString = 13DE66FF28FA669B00347486;
			remoteInfo = SizeClasses;
		};
/* End PBXContainerItemProxy section */

/* Begin PBXFileReference section */
		13DE670028FA669B00347486 /* SizeClasses.app */ = {isa = PBXFileReference; explicitFileType = wrapper.application; includeInIndex = 0; path = SizeClasses.app; sourceTree = BUILT_PRODUCTS_DIR; };
		13DE670328FA669B00347486 /* AppDelegate.swift */ = {isa = PBXFileReference; lastKnownFileType = sourcecode.swift; path = AppDelegate.swift; sourceTree = "<group>"; };
		13DE670528FA669B00347486 /* SceneDelegate.swift */ = {isa = PBXFileReference; lastKnownFileType = sourcecode.swift; path = SceneDelegate.swift; sourceTree = "<group>"; };
		13DE670728FA669B00347486 /* ViewController.swift */ = {isa = PBXFileReference; lastKnownFileType = sourcecode.swift; path = ViewController.swift; sourceTree = "<group>"; };
		13DE670A28FA669B00347486 /* Base */ = {isa = PBXFileReference; lastKnownFileType = file.storyboard; name = Base; path = Base.lproj/Main.storyboard; sourceTree = "<group>"; };
		13DE670D28FA669B00347486 /* SizeClasses.xcdatamodel */ = {isa = PBXFileReference; lastKnownFileType = wrapper.xcdatamodel; path = SizeClasses.xcdatamodel; sourceTree = "<group>"; };
		13DE670F28FA669D00347486 /* Assets.xcassets */ = {isa = PBXFileReference; lastKnownFileType = folder.assetcatalog; path = Assets.xcassets; sourceTree = "<group>"; };
		13DE671228FA669D00347486 /* Base */ = {isa = PBXFileReference; lastKnownFileType = file.storyboard; name = Base; path = Base.lproj/LaunchScreen.storyboard; sourceTree = "<group>"; };
		13DE671428FA669D00347486 /* Info.plist */ = {isa = PBXFileReference; lastKnownFileType = text.plist.xml; path = Info.plist; sourceTree = "<group>"; };
		13DE671928FA669D00347486 /* SizeClassesTests.xctest */ = {isa = PBXFileReference; explicitFileType = wrapper.cfbundle; includeInIndex = 0; path = SizeClassesTests.xctest; sourceTree = BUILT_PRODUCTS_DIR; };
		13DE671D28FA669D00347486 /* SizeClassesTests.swift */ = {isa = PBXFileReference; lastKnownFileType = sourcecode.swift; path = SizeClassesTests.swift; sourceTree = "<group>"; };
		13DE672328FA669D00347486 /* SizeClassesUITests.xctest */ = {isa = PBXFileReference; explicitFileType = wrapper.cfbundle; includeInIndex = 0; path = SizeClassesUITests.xctest; sourceTree = BUILT_PRODUCTS_DIR; };
		13DE672728FA669D00347486 /* SizeClassesUITests.swift */ = {isa = PBXFileReference; lastKnownFileType = sourcecode.swift; path = SizeClassesUITests.swift; sourceTree = "<group>"; };
		13DE672928FA669D00347486 /* SizeClassesUITestsLaunchTests.swift */ = {isa = PBXFileReference; lastKnownFileType = sourcecode.swift; path = SizeClassesUITestsLaunchTests.swift; sourceTree = "<group>"; };
/* End PBXFileReference section */

/* Begin PBXFrameworksBuildPhase section */
		13DE66FD28FA669B00347486 /* Frameworks */ = {
			isa = PBXFrameworksBuildPhase;
			buildActionMask = 2147483647;
			files = (
			);
			runOnlyForDeploymentPostprocessing = 0;
		};
		13DE671628FA669D00347486 /* Frameworks */ = {
			isa = PBXFrameworksBuildPhase;
			buildActionMask = 2147483647;
			files = (
			);
			runOnlyForDeploymentPostprocessing = 0;
		};
		13DE672028FA669D00347486 /* Frameworks */ = {
			isa = PBXFrameworksBuildPhase;
			buildActionMask = 2147483647;
			files = (
			);
			runOnlyForDeploymentPostprocessing = 0;
		};
/* End PBXFrameworksBuildPhase section */

/* Begin PBXGroup section */
		13DE66F728FA669B00347486 = {
			isa = PBXGroup;
			children = (
				13DE670228FA669B00347486 /* SizeClasses */,
				13DE671C28FA669D00347486 /* SizeClassesTests */,
				13DE672628FA669D00347486 /* SizeClassesUITests */,
				13DE670128FA669B00347486 /* Products */,
			);
			sourceTree = "<group>";
		};
		13DE670128FA669B00347486 /* Products */ = {
			isa = PBXGroup;
			children = (
				13DE670028FA669B00347486 /* SizeClasses.app */,
				13DE671928FA669D00347486 /* SizeClassesTests.xctest */,
				13DE672328FA669D00347486 /* SizeClassesUITests.xctest */,
			);
			name = Products;
			sourceTree = "<group>";
		};
		13DE670228FA669B00347486 /* SizeClasses */ = {
			isa = PBXGroup;
			children = (
				13DE670328FA669B00347486 /* AppDelegate.swift */,
				13DE670528FA669B00347486 /* SceneDelegate.swift */,
				13DE670728FA669B00347486 /* ViewController.swift */,
				13DE670928FA669B00347486 /* Main.storyboard */,
				13DE670F28FA669D00347486 /* Assets.xcassets */,
				13DE671128FA669D00347486 /* LaunchScreen.storyboard */,
				13DE671428FA669D00347486 /* Info.plist */,
				13DE670C28FA669B00347486 /* SizeClasses.xcdatamodeld */,
			);
			path = SizeClasses;
			sourceTree = "<group>";
		};
		13DE671C28FA669D00347486 /* SizeClassesTests */ = {
			isa = PBXGroup;
			children = (
				13DE671D28FA669D00347486 /* SizeClassesTests.swift */,
			);
			path = SizeClassesTests;
			sourceTree = "<group>";
		};
		13DE672628FA669D00347486 /* SizeClassesUITests */ = {
			isa = PBXGroup;
			children = (
				13DE672728FA669D00347486 /* SizeClassesUITests.swift */,
				13DE672928FA669D00347486 /* SizeClassesUITestsLaunchTests.swift */,
			);
			path = SizeClassesUITests;
			sourceTree = "<group>";
		};
/* End PBXGroup section */

/* Begin PBXNativeTarget section */
		13DE66FF28FA669B00347486 /* SizeClasses */ = {
			isa = PBXNativeTarget;
			buildConfigurationList = 13DE672D28FA669D00347486 /* Build configuration list for PBXNativeTarget "SizeClasses" */;
			buildPhases = (
				13DE66FC28FA669B00347486 /* Sources */,
				13DE66FD28FA669B00347486 /* Frameworks */,
				13DE66FE28FA669B00347486 /* Resources */,
			);
			buildRules = (
			);
			dependencies = (
			);
			name = SizeClasses;
			productName = SizeClasses;
			productReference = 13DE670028FA669B00347486 /* SizeClasses.app */;
			productType = "com.apple.product-type.application";
		};
		13DE671828FA669D00347486 /* SizeClassesTests */ = {
			isa = PBXNativeTarget;
			buildConfigurationList = 13DE673028FA669D00347486 /* Build configuration list for PBXNativeTarget "SizeClassesTests" */;
			buildPhases = (
				13DE671528FA669D00347486 /* Sources */,
				13DE671628FA669D00347486 /* Frameworks */,
				13DE671728FA669D00347486 /* Resources */,
			);
			buildRules = (
			);
			dependencies = (
				13DE671B28FA669D00347486 /* PBXTargetDependency */,
			);
			name = SizeClassesTests;
			productName = SizeClassesTests;
			productReference = 13DE671928FA669D00347486 /* SizeClassesTests.xctest */;
			productType = "com.apple.product-type.bundle.unit-test";
		};
		13DE672228FA669D00347486 /* SizeClassesUITests */ = {
			isa = PBXNativeTarget;
			buildConfigurationList = 13DE673328FA669D00347486 /* Build configuration list for PBXNativeTarget "SizeClassesUITests" */;
			buildPhases = (
				13DE671F28FA669D00347486 /* Sources */,
				13DE672028FA669D00347486 /* Frameworks */,
				13DE672128FA669D00347486 /* Resources */,
			);
			buildRules = (
			);
			dependencies = (
				13DE672528FA669D00347486 /* PBXTargetDependency */,
			);
			name = SizeClassesUITests;
			productName = SizeClassesUITests;
			productReference = 13DE672328FA669D00347486 /* SizeClassesUITests.xctest */;
			productType = "com.apple.product-type.bundle.ui-testing";
		};
/* End PBXNativeTarget section */

/* Begin PBXProject section */
		13DE66F828FA669B00347486 /* Project object */ = {
			isa = PBXProject;
			attributes = {
				BuildIndependentTargetsInParallel = 1;
				LastSwiftUpdateCheck = 1320;
				LastUpgradeCheck = 1320;
				TargetAttributes = {
					13DE66FF28FA669B00347486 = {
						CreatedOnToolsVersion = 13.2.1;
					};
					13DE671828FA669D00347486 = {
						CreatedOnToolsVersion = 13.2.1;
						TestTargetID = 13DE66FF28FA669B00347486;
					};
					13DE672228FA669D00347486 = {
						CreatedOnToolsVersion = 13.2.1;
						TestTargetID = 13DE66FF28FA669B00347486;
					};
				};
			};
			buildConfigurationList = 13DE66FB28FA669B00347486 /* Build configuration list for PBXProject "SizeClasses" */;
			compatibilityVersion = "Xcode 13.0";
			developmentRegion = en;
			hasScannedForEncodings = 0;
			knownRegions = (
				en,
				Base,
			);
			mainGroup = 13DE66F728FA669B00347486;
			productRefGroup = 13DE670128FA669B00347486 /* Products */;
			projectDirPath = "";
			projectRoot = "";
			targets = (
				13DE66FF28FA669B00347486 /* SizeClasses */,
				13DE671828FA669D00347486 /* SizeClassesTests */,
				13DE672228FA669D00347486 /* SizeClassesUITests */,
			);
		};
/* End PBXProject section */

/* Begin PBXResourcesBuildPhase section */
		13DE66FE28FA669B00347486 /* Resources */ = {
			isa = PBXResourcesBuildPhase;
			buildActionMask = 2147483647;
			files = (
				13DE671328FA669D00347486 /* LaunchScreen.storyboard in Resources */,
				13DE671028FA669D00347486 /* Assets.xcassets in Resources */,
				13DE670B28FA669B00347486 /* Main.storyboard in Resources */,
			);
			runOnlyForDeploymentPostprocessing = 0;
		};
		13DE671728FA669D00347486 /* Resources */ = {
			isa = PBXResourcesBuildPhase;
			buildActionMask = 2147483647;
			files = (
			);
			runOnlyForDeploymentPostprocessing = 0;
		};
		13DE672128FA669D00347486 /* Resources */ = {
			isa = PBXResourcesBuildPhase;
			buildActionMask = 2147483647;
			files = (
			);
			runOnlyForDeploymentPostprocessing = 0;
		};
/* End PBXResourcesBuildPhase section */

/* Begin PBXSourcesBuildPhase section */
		13DE66FC28FA669B00347486 /* Sources */ = {
			isa = PBXSourcesBuildPhase;
			buildActionMask = 2147483647;
			files = (
				13DE670828FA669B00347486 /* ViewController.swift in Sources */,
				13DE670E28FA669B00347486 /* SizeClasses.xcdatamodeld in Sources */,
				13DE670428FA669B00347486 /* AppDelegate.swift in Sources */,
				13DE670628FA669B00347486 /* SceneDelegate.swift in Sources */,
			);
			runOnlyForDeploymentPostprocessing = 0;
		};
		13DE671528FA669D00347486 /* Sources */ = {
			isa = PBXSourcesBuildPhase;
			buildActionMask = 2147483647;
			files = (
				13DE671E28FA669D00347486 /* SizeClassesTests.swift in Sources */,
			);
			runOnlyForDeploymentPostprocessing = 0;
		};
		13DE671F28FA669D00347486 /* Sources */ = {
			isa = PBXSourcesBuildPhase;
			buildActionMask = 2147483647;
			files = (
				13DE672A28FA669D00347486 /* SizeClassesUITestsLaunchTests.swift in Sources */,
				13DE672828FA669D00347486 /* SizeClassesUITests.swift in Sources */,
			);
			runOnlyForDeploymentPostprocessing = 0;
		};
/* End PBXSourcesBuildPhase section */

/* Begin PBXTargetDependency section */
		13DE671B28FA669D00347486 /* PBXTargetDependency */ = {
			isa = PBXTargetDependency;
			target = 13DE66FF28FA669B00347486 /* SizeClasses */;
			targetProxy = 13DE671A28FA669D00347486 /* PBXContainerItemProxy */;
		};
		13DE672528FA669D00347486 /* PBXTargetDependency */ = {
			isa = PBXTargetDependency;
			target = 13DE66FF28FA669B00347486 /* SizeClasses */;
			targetProxy = 13DE672428FA669D00347486 /* PBXContainerItemProxy */;
		};
/* End PBXTargetDependency section */

/* Begin PBXVariantGroup section */
		13DE670928FA669B00347486 /* Main.storyboard */ = {
			isa = PBXVariantGroup;
			children = (
				13DE670A28FA669B00347486 /* Base */,
			);
			name = Main.storyboard;
			sourceTree = "<group>";
		};
		13DE671128FA669D00347486 /* LaunchScreen.storyboard */ = {
			isa = PBXVariantGroup;
			children = (
				13DE671228FA669D00347486 /* Base */,
			);
			name = LaunchScreen.storyboard;
			sourceTree = "<group>";
		};
/* End PBXVariantGroup section */

/* Begin XCBuildConfiguration section */
		13DE672B28FA669D00347486 /* Debug */ = {
			isa = XCBuildConfiguration;
			buildSettings = {
				ALWAYS_SEARCH_USER_PATHS = NO;
				CLANG_ANALYZER_NONNULL = YES;
				CLANG_ANALYZER_NUMBER_OBJECT_CONVERSION = YES_AGGRESSIVE;
				CLANG_CXX_LANGUAGE_STANDARD = "gnu++17";
				CLANG_CXX_LIBRARY = "libc++";
				CLANG_ENABLE_MODULES = YES;
				CLANG_ENABLE_OBJC_ARC = YES;
				CLANG_ENABLE_OBJC_WEAK = YES;
				CLANG_WARN_BLOCK_CAPTURE_AUTORELEASING = YES;
				CLANG_WARN_BOOL_CONVERSION = YES;
				CLANG_WARN_COMMA = YES;
				CLANG_WARN_CONSTANT_CONVERSION = YES;
				CLANG_WARN_DEPRECATED_OBJC_IMPLEMENTATIONS = YES;
				CLANG_WARN_DIRECT_OBJC_ISA_USAGE = YES_ERROR;
				CLANG_WARN_DOCUMENTATION_COMMENTS = YES;
				CLANG_WARN_EMPTY_BODY = YES;
				CLANG_WARN_ENUM_CONVERSION = YES;
				CLANG_WARN_INFINITE_RECURSION = YES;
				CLANG_WARN_INT_CONVERSION = YES;
				CLANG_WARN_NON_LITERAL_NULL_CONVERSION = YES;
				CLANG_WARN_OBJC_IMPLICIT_RETAIN_SELF = YES;
				CLANG_WARN_OBJC_LITERAL_CONVERSION = YES;
				CLANG_WARN_OBJC_ROOT_CLASS = YES_ERROR;
				CLANG_WARN_QUOTED_INCLUDE_IN_FRAMEWORK_HEADER = YES;
				CLANG_WARN_RANGE_LOOP_ANALYSIS = YES;
				CLANG_WARN_STRICT_PROTOTYPES = YES;
				CLANG_WARN_SUSPICIOUS_MOVE = YES;
				CLANG_WARN_UNGUARDED_AVAILABILITY = YES_AGGRESSIVE;
				CLANG_WARN_UNREACHABLE_CODE = YES;
				CLANG_WARN__DUPLICATE_METHOD_MATCH = YES;
				COPY_PHASE_STRIP = NO;
				DEBUG_INFORMATION_FORMAT = dwarf;
				ENABLE_STRICT_OBJC_MSGSEND = YES;
				ENABLE_TESTABILITY = YES;
				GCC_C_LANGUAGE_STANDARD = gnu11;
				GCC_DYNAMIC_NO_PIC = NO;
				GCC_NO_COMMON_BLOCKS = YES;
				GCC_OPTIMIZATION_LEVEL = 0;
				GCC_PREPROCESSOR_DEFINITIONS = (
					"DEBUG=1",
					"$(inherited)",
				);
				GCC_WARN_64_TO_32_BIT_CONVERSION = YES;
				GCC_WARN_ABOUT_RETURN_TYPE = YES_ERROR;
				GCC_WARN_UNDECLARED_SELECTOR = YES;
				GCC_WARN_UNINITIALIZED_AUTOS = YES_AGGRESSIVE;
				GCC_WARN_UNUSED_FUNCTION = YES;
				GCC_WARN_UNUSED_VARIABLE = YES;
				IPHONEOS_DEPLOYMENT_TARGET = 15.2;
				MTL_ENABLE_DEBUG_INFO = INCLUDE_SOURCE;
				MTL_FAST_MATH = YES;
				ONLY_ACTIVE_ARCH = YES;
				SDKROOT = iphoneos;
				SWIFT_ACTIVE_COMPILATION_CONDITIONS = DEBUG;
				SWIFT_OPTIMIZATION_LEVEL = "-Onone";
			};
			name = Debug;
		};
		13DE672C28FA669D00347486 /* Release */ = {
			isa = XCBuildConfiguration;
			buildSettings = {
				ALWAYS_SEARCH_USER_PATHS = NO;
				CLANG_ANALYZER_NONNULL = YES;
				CLANG_ANALYZER_NUMBER_OBJECT_CONVERSION = YES_AGGRESSIVE;
				CLANG_CXX_LANGUAGE_STANDARD = "gnu++17";
				CLANG_CXX_LIBRARY = "libc++";
				CLANG_ENABLE_MODULES = YES;
				CLANG_ENABLE_OBJC_ARC = YES;
				CLANG_ENABLE_OBJC_WEAK = YES;
				CLANG_WARN_BLOCK_CAPTURE_AUTORELEASING = YES;
				CLANG_WARN_BOOL_CONVERSION = YES;
				CLANG_WARN_COMMA = YES;
				CLANG_WARN_CONSTANT_CONVERSION = YES;
				CLANG_WARN_DEPRECATED_OBJC_IMPLEMENTATIONS = YES;
				CLANG_WARN_DIRECT_OBJC_ISA_USAGE = YES_ERROR;
				CLANG_WARN_DOCUMENTATION_COMMENTS = YES;
				CLANG_WARN_EMPTY_BODY = YES;
				CLANG_WARN_ENUM_CONVERSION = YES;
				CLANG_WARN_INFINITE_RECURSION = YES;
				CLANG_WARN_INT_CONVERSION = YES;
				CLANG_WARN_NON_LITERAL_NULL_CONVERSION = YES;
				CLANG_WARN_OBJC_IMPLICIT_RETAIN_SELF = YES;
				CLANG_WARN_OBJC_LITERAL_CONVERSION = YES;
				CLANG_WARN_OBJC_ROOT_CLASS = YES_ERROR;
				CLANG_WARN_QUOTED_INCLUDE_IN_FRAMEWORK_HEADER = YES;
				CLANG_WARN_RANGE_LOOP_ANALYSIS = YES;
				CLANG_WARN_STRICT_PROTOTYPES = YES;
				CLANG_WARN_SUSPICIOUS_MOVE = YES;
				CLANG_WARN_UNGUARDED_AVAILABILITY = YES_AGGRESSIVE;
				CLANG_WARN_UNREACHABLE_CODE = YES;
				CLANG_WARN__DUPLICATE_METHOD_MATCH = YES;
				COPY_PHASE_STRIP = NO;
				DEBUG_INFORMATION_FORMAT = "dwarf-with-dsym";
				ENABLE_NS_ASSERTIONS = NO;
				ENABLE_STRICT_OBJC_MSGSEND = YES;
				GCC_C_LANGUAGE_STANDARD = gnu11;
				GCC_NO_COMMON_BLOCKS = YES;
				GCC_WARN_64_TO_32_BIT_CONVERSION = YES;
				GCC_WARN_ABOUT_RETURN_TYPE = YES_ERROR;
				GCC_WARN_UNDECLARED_SELECTOR = YES;
				GCC_WARN_UNINITIALIZED_AUTOS = YES_AGGRESSIVE;
				GCC_WARN_UNUSED_FUNCTION = YES;
				GCC_WARN_UNUSED_VARIABLE = YES;
				IPHONEOS_DEPLOYMENT_TARGET = 15.2;
				MTL_ENABLE_DEBUG_INFO = NO;
				MTL_FAST_MATH = YES;
				SDKROOT = iphoneos;
				SWIFT_COMPILATION_MODE = wholemodule;
				SWIFT_OPTIMIZATION_LEVEL = "-O";
				VALIDATE_PRODUCT = YES;
			};
			name = Release;
		};
		13DE672E28FA669D00347486 /* Debug */ = {
			isa = XCBuildConfiguration;
			buildSettings = {
				ASSETCATALOG_COMPILER_APPICON_NAME = AppIcon;
				ASSETCATALOG_COMPILER_GLOBAL_ACCENT_COLOR_NAME = AccentColor;
				CODE_SIGN_STYLE = Automatic;
				CURRENT_PROJECT_VERSION = 1;
				GENERATE_INFOPLIST_FILE = YES;
				INFOPLIST_FILE = SizeClasses/Info.plist;
				INFOPLIST_KEY_UIApplicationSupportsIndirectInputEvents = YES;
				INFOPLIST_KEY_UILaunchStoryboardName = LaunchScreen;
				INFOPLIST_KEY_UIMainStoryboardFile = Main;
				INFOPLIST_KEY_UISupportedInterfaceOrientations_iPad = "UIInterfaceOrientationPortrait UIInterfaceOrientationPortraitUpsideDown UIInterfaceOrientationLandscapeLeft UIInterfaceOrientationLandscapeRight";
				INFOPLIST_KEY_UISupportedInterfaceOrientations_iPhone = "UIInterfaceOrientationPortrait UIInterfaceOrientationLandscapeLeft UIInterfaceOrientationLandscapeRight";
				LD_RUNPATH_SEARCH_PATHS = (
					"$(inherited)",
					"@executable_path/Frameworks",
				);
				MARKETING_VERSION = 1.0;
				PRODUCT_BUNDLE_IDENTIFIER = com.ISIL.SizeClasses;
				PRODUCT_NAME = "$(TARGET_NAME)";
				SWIFT_EMIT_LOC_STRINGS = YES;
				SWIFT_VERSION = 5.0;
				TARGETED_DEVICE_FAMILY = "1,2";
			};
			name = Debug;
		};
		13DE672F28FA669D00347486 /* Release */ = {
			isa = XCBuildConfiguration;
			buildSettings = {
				ASSETCATALOG_COMPILER_APPICON_NAME = AppIcon;
				ASSETCATALOG_COMPILER_GLOBAL_ACCENT_COLOR_NAME = AccentColor;
				CODE_SIGN_STYLE = Automatic;
				CURRENT_PROJECT_VERSION = 1;
				GENERATE_INFOPLIST_FILE = YES;
				INFOPLIST_FILE = SizeClasses/Info.plist;
				INFOPLIST_KEY_UIApplicationSupportsIndirectInputEvents = YES;
				INFOPLIST_KEY_UILaunchStoryboardName = LaunchScreen;
				INFOPLIST_KEY_UIMainStoryboardFile = Main;
				INFOPLIST_KEY_UISupportedInterfaceOrientations_iPad = "UIInterfaceOrientationPortrait UIInterfaceOrientationPortraitUpsideDown UIInterfaceOrientationLandscapeLeft UIInterfaceOrientationLandscapeRight";
				INFOPLIST_KEY_UISupportedInterfaceOrientations_iPhone = "UIInterfaceOrientationPortrait UIInterfaceOrientationLandscapeLeft UIInterfaceOrientationLandscapeRight";
				LD_RUNPATH_SEARCH_PATHS = (
					"$(inherited)",
					"@executable_path/Frameworks",
				);
				MARKETING_VERSION = 1.0;
				PRODUCT_BUNDLE_IDENTIFIER = com.ISIL.SizeClasses;
				PRODUCT_NAME = "$(TARGET_NAME)";
				SWIFT_EMIT_LOC_STRINGS = YES;
				SWIFT_VERSION = 5.0;
				TARGETED_DEVICE_FAMILY = "1,2";
			};
			name = Release;
		};
		13DE673128FA669D00347486 /* Debug */ = {
			isa = XCBuildConfiguration;
			buildSettings = {
				ALWAYS_EMBED_SWIFT_STANDARD_LIBRARIES = YES;
				BUNDLE_LOADER = "$(TEST_HOST)";
				CODE_SIGN_STYLE = Automatic;
				CURRENT_PROJECT_VERSION = 1;
				GENERATE_INFOPLIST_FILE = YES;
				IPHONEOS_DEPLOYMENT_TARGET = 15.2;
				MARKETING_VERSION = 1.0;
				PRODUCT_BUNDLE_IDENTIFIER = com.ISIL.SizeClassesTests;
				PRODUCT_NAME = "$(TARGET_NAME)";
				SWIFT_EMIT_LOC_STRINGS = NO;
				SWIFT_VERSION = 5.0;
				TARGETED_DEVICE_FAMILY = "1,2";
				TEST_HOST = "$(BUILT_PRODUCTS_DIR)/SizeClasses.app/SizeClasses";
			};
			name = Debug;
		};
		13DE673228FA669D00347486 /* Release */ = {
			isa = XCBuildConfiguration;
			buildSettings = {
				ALWAYS_EMBED_SWIFT_STANDARD_LIBRARIES = YES;
				BUNDLE_LOADER = "$(TEST_HOST)";
				CODE_SIGN_STYLE = Automatic;
				CURRENT_PROJECT_VERSION = 1;
				GENERATE_INFOPLIST_FILE = YES;
				IPHONEOS_DEPLOYMENT_TARGET = 15.2;
				MARKETING_VERSION = 1.0;
				PRODUCT_BUNDLE_IDENTIFIER = com.ISIL.SizeClassesTests;
				PRODUCT_NAME = "$(TARGET_NAME)";
				SWIFT_EMIT_LOC_STRINGS = NO;
				SWIFT_VERSION = 5.0;
				TARGETED_DEVICE_FAMILY = "1,2";
				TEST_HOST = "$(BUILT_PRODUCTS_DIR)/SizeClasses.app/SizeClasses";
			};
			name = Release;
		};
		13DE673428FA669D00347486 /* Debug */ = {
			isa = XCBuildConfiguration;
			buildSettings = {
				ALWAYS_EMBED_SWIFT_STANDARD_LIBRARIES = YES;
				CODE_SIGN_STYLE = Automatic;
				CURRENT_PROJECT_VERSION = 1;
				GENERATE_INFOPLIST_FILE = YES;
				MARKETING_VERSION = 1.0;
				PRODUCT_BUNDLE_IDENTIFIER = com.ISIL.SizeClassesUITests;
				PRODUCT_NAME = "$(TARGET_NAME)";
				SWIFT_EMIT_LOC_STRINGS = NO;
				SWIFT_VERSION = 5.0;
				TARGETED_DEVICE_FAMILY = "1,2";
				TEST_TARGET_NAME = SizeClasses;
			};
			name = Debug;
		};
		13DE673528FA669D00347486 /* Release */ = {
			isa = XCBuildConfiguration;
			buildSettings = {
				ALWAYS_EMBED_SWIFT_STANDARD_LIBRARIES = YES;
				CODE_SIGN_STYLE = Automatic;
				CURRENT_PROJECT_VERSION = 1;
				GENERATE_INFOPLIST_FILE = YES;
				MARKETING_VERSION = 1.0;
				PRODUCT_BUNDLE_IDENTIFIER = com.ISIL.SizeClassesUITests;
				PRODUCT_NAME = "$(TARGET_NAME)";
				SWIFT_EMIT_LOC_STRINGS = NO;
				SWIFT_VERSION = 5.0;
				TARGETED_DEVICE_FAMILY = "1,2";
				TEST_TARGET_NAME = SizeClasses;
			};
			name = Release;
		};
/* End XCBuildConfiguration section */

/* Begin XCConfigurationList section */
		13DE66FB28FA669B00347486 /* Build configuration list for PBXProject "SizeClasses" */ = {
			isa = XCConfigurationList;
			buildConfigurations = (
				13DE672B28FA669D00347486 /* Debug */,
				13DE672C28FA669D00347486 /* Release */,
			);
			defaultConfigurationIsVisible = 0;
			defaultConfigurationName = Release;
		};
		13DE672D28FA669D00347486 /* Build configuration list for PBXNativeTarget "SizeClasses" */ = {
			isa = XCConfigurationList;
			buildConfigurations = (
				13DE672E28FA669D00347486 /* Debug */,
				13DE672F28FA669D00347486 /* Release */,
			);
			defaultConfigurationIsVisible = 0;
			defaultConfigurationName = Release;
		};
		13DE673028FA669D00347486 /* Build configuration list for PBXNativeTarget "SizeClassesTests" */ = {
			isa = XCConfigurationList;
			buildConfigurations = (
				13DE673128FA669D00347486 /* Debug */,
				13DE673228FA669D00347486 /* Release */,
			);
			defaultConfigurationIsVisible = 0;
			defaultConfigurationName = Release;
		};
		13DE673328FA669D00347486 /* Build configuration list for PBXNativeTarget "SizeClassesUITests" */ = {
			isa = XCConfigurationList;
			buildConfigurations = (
				13DE673428FA669D00347486 /* Debug */,
				13DE673528FA669D00347486 /* Release */,
			);
			defaultConfigurationIsVisible = 0;
			defaultConfigurationName = Release;
		};
/* End XCConfigurationList section */

/* Begin XCVersionGroup section */
		13DE670C28FA669B00347486 /* SizeClasses.xcdatamodeld */ = {
			isa = XCVersionGroup;
			children = (
				13DE670D28FA669B00347486 /* SizeClasses.xcdatamodel */,
			);
			currentVersion = 13DE670D28FA669B00347486 /* SizeClasses.xcdatamodel */;
			path = SizeClasses.xcdatamodeld;
			sourceTree = "<group>";
			versionGroupType = wrapper.xcdatamodel;
		};
/* End XCVersionGroup section */
	};
	rootObject = 13DE66F828FA669B00347486 /* Project object */;
}
